
Microsoft Visual Studio Solution File, Format Version 12.00
# Visual Studio Version 16
VisualStudioVersion = 16.0.31402.337
MinimumVisualStudioVersion = 10.0.40219.1
Project("{FAE04EC0-301F-11D3-BF4B-00C04F79EFBC}") = "temp2", "temp2\temp2.csproj", "{CF02F60A-AFA1-4E96-8DF4-1C9E1B646C5C}"
EndProject
Global
	GlobalSection(SolutionConfigurationPlatforms) = preSolution
		Debug|Any CPU = Debug|Any CPU
		Release|Any CPU = Release|Any CPU
	EndGlobalSection
	GlobalSection(ProjectConfigurationPlatforms) = postSolution
		{CF02F60A-AFA1-4E96-8DF4-1C9E1B646C5C}.Debug|Any CPU.ActiveCfg = Debug|Any CPU
		{CF02F60A-AFA1-4E96-8DF4-1C9E1B646C5C}.Debug|Any CPU.Build.0 = Debug|Any CPU
		{CF02F60A-AFA1-4E96-8DF4-1C9E1B646C5C}.Release|Any CPU.ActiveCfg = Release|Any CPU
		{CF02F60A-AFA1-4E96-8DF4-1C9E1B646C5C}.Release|Any CPU.Build.0 = Release|Any CPU
	EndGlobalSection
	GlobalSection(SolutionProperties) = preSolution
		HideSolutionNode = FALSE
	EndGlobalSection
	GlobalSection(ExtensibilityGlobals) = postSolution
		SolutionGuid = {54311EAD-79BC-41A3-8B4F-A6F27196A061}
	EndGlobalSection
EndGlobal
